
Microsoft Visual Studio Solution File, Format Version 12.00
# Visual Studio 15
VisualStudioVersion = 15.0.26730.8
MinimumVisualStudioVersion = 10.0.40219.1
Project("{FAE04EC0-301F-11D3-BF4B-00C04F79EFBC}") = "CmdPC", "CmdPC\CmdPC.csproj", "{C68C8D9B-21B4-45B6-BCD6-C0CF238CBA50}"
EndProject
Global
	GlobalSection(SolutionConfigurationPlatforms) = preSolution
		Debug|Any CPU = Debug|Any CPU
		Release|Any CPU = Release|Any CPU
	EndGlobalSection
	GlobalSection(ProjectConfigurationPlatforms) = postSolution
		{C68C8D9B-21B4-45B6-BCD6-C0CF238CBA50}.Debug|Any CPU.ActiveCfg = Debug|Any CPU
		{C68C8D9B-21B4-45B6-BCD6-C0CF238CBA50}.Debug|Any CPU.Build.0 = Debug|Any CPU
		{C68C8D9B-21B4-45B6-BCD6-C0CF238CBA50}.Release|Any CPU.ActiveCfg = Release|Any CPU
		{C68C8D9B-21B4-45B6-BCD6-C0CF238CBA50}.Release|Any CPU.Build.0 = Release|Any CPU
	EndGlobalSection
	GlobalSection(SolutionProperties) = preSolution
		HideSolutionNode = FALSE
	EndGlobalSection
	GlobalSection(ExtensibilityGlobals) = postSolution
		SolutionGuid = {A9EDE531-97D6-4900-B5B7-87CFA6BB79DD}
	EndGlobalSection
EndGlobal
